# @generated - this file is auto-generated by `mise lock` https://mise.jdx.dev/dev-tools/mise-lock.html

[[tools."github:anchore/syft"]]
version = "1.50.0"
backend = "github:anchore/syft"

[tools."github:anchore/syft"."platforms.linux-arm64"]
checksum = "sha256:887c57cbcc2d0e8c5c110a4571a3fc7150058b24d74f993ee4663516e5c8ce86"
url = "https://github.com/anchore/syft/releases/download/v1.50.0/syft_1.50.0_linux_arm64.tar.gz"
url_api = "https://api.github.com/repos/anchore/syft/releases/assets/493004622"
provenance = "github-attestations"

[tools."github:anchore/syft"."platforms.linux-x64"]
checksum = "sha256:bf7b29ff57f06da30918266a0e1c2885a8f99784798d1bdb1628886aa015d788"
url = "https://github.com/anchore/syft/releases/download/v1.50.0/syft_1.50.0_linux_amd64.tar.gz"
url_api = "https://api.github.com/repos/anchore/syft/releases/assets/493004612"
provenance = "github-attestations"

[tools."github:anchore/syft"."platforms.macos-arm64"]
checksum = "sha256:e32fdb9d47823fa633748a1efca2528fd77c37469ea93c9e40ab835da44e4cce"
url = "https://github.com/anchore/syft/releases/download/v1.50.0/syft_1.50.0_darwin_arm64.tar.gz"
url_api = "https://api.github.com/repos/anchore/syft/releases/assets/493004615"
provenance = "github-attestations"
provenance_verified = true

[tools."github:anchore/syft"."platforms.macos-x64"]
checksum = "sha256:d11a8c7bc27114853bd7c1e1b2f3be3ddda3a1de17aee585329f04c369341c75"
url = "https://github.com/anchore/syft/releases/download/v1.50.0/syft_1.50.0_darwin_amd64.tar.gz"
url_api = "https://api.github.com/repos/anchore/syft/releases/assets/493004621"
provenance = "github-attestations"

[tools."github:anchore/syft"."platforms.windows-arm64"]
checksum = "sha256:5eb435eb8750737d12e66f5a145975b4027adf20076b518079af38b2148d55a5"
url = "https://github.com/anchore/syft/releases/download/v1.50.0/syft_1.50.0_windows_arm64.zip"
url_api = "https://api.github.com/repos/anchore/syft/releases/assets/493004617"
provenance = "github-attestations"

[tools."github:anchore/syft"."platforms.windows-x64"]
checksum = "sha256:815ee6973ec5dff6a671d7f41b0e78835a8c45b91d5a39f4743ea1cee833d3be"
url = "https://github.com/anchore/syft/releases/download/v1.50.0/syft_1.50.0_windows_amd64.zip"
url_api = "https://api.github.com/repos/anchore/syft/releases/assets/493004607"
provenance = "github-attestations"

[[tools."github:goreleaser/goreleaser"]]
version = "2.17.1"
backend = "github:goreleaser/goreleaser"

[tools."github:goreleaser/goreleaser"."platforms.linux-arm64"]
checksum = "sha256:702f03769ac8bcb0e47839c82243cc614ae995633599a98c63062e13ea85f829"
url = "https://github.com/goreleaser/goreleaser/releases/download/v2.17.1/goreleaser_Linux_arm64.tar.gz"
url_api = "https://api.github.com/repos/goreleaser/goreleaser/releases/assets/490565875"
provenance = "github-attestations"

[tools."github:goreleaser/goreleaser"."platforms.linux-x64"]
checksum = "sha256:a99bbc7ae0d8d897b07c4c497a9b62f222558804715ef219d1af05a7e417bc80"
url = "https://github.com/goreleaser/goreleaser/releases/download/v2.17.1/goreleaser_Linux_x86_64.tar.gz"
url_api = "https://api.github.com/repos/goreleaser/goreleaser/releases/assets/490565870"
provenance = "github-attestations"

[tools."github:goreleaser/goreleaser"."platforms.macos-arm64"]
checksum = "sha256:b65624885c25da9a677b7ad11cf86a02123cc5a56af66f6b4ebb574658eada2e"
url = "https://github.com/goreleaser/goreleaser/releases/download/v2.17.1/goreleaser_Darwin_arm64.tar.gz"
url_api = "https://api.github.com/repos/goreleaser/goreleaser/releases/assets/490565827"
provenance = "github-attestations"
provenance_verified = true

[tools."github:goreleaser/goreleaser"."platforms.macos-x64"]
checksum = "sha256:a92a68c61a6833ff67748f532cbebc7b8e49ba30de062ab463b221211ee6368f"
url = "https://github.com/goreleaser/goreleaser/releases/download/v2.17.1/goreleaser_Darwin_x86_64.tar.gz"
url_api = "https://api.github.com/repos/goreleaser/goreleaser/releases/assets/490565828"
provenance = "github-attestations"

[tools."github:goreleaser/goreleaser"."platforms.windows-arm64"]
checksum = "sha256:6eec917c98df13ba83b8bb9c261e017df2d1d5b08e525442b5918325627fdf91"
url = "https://github.com/goreleaser/goreleaser/releases/download/v2.17.1/goreleaser_Windows_arm64.zip"
url_api = "https://api.github.com/repos/goreleaser/goreleaser/releases/assets/490565849"
provenance = "github-attestations"

[tools."github:goreleaser/goreleaser"."platforms.windows-x64"]
checksum = "sha256:53314ce7cc16c3229f2d3b98a932c1618c427964eb2170a1efafbdfa862a556f"
url = "https://github.com/goreleaser/goreleaser/releases/download/v2.17.1/goreleaser_Windows_x86_64.zip"
url_api = "https://api.github.com/repos/goreleaser/goreleaser/releases/assets/490565847"
provenance = "github-attestations"

[[tools.go]]
version = "1.26.5"
backend = "core:go"

[tools.go."platforms.linux-arm64"]
checksum = "sha256:fe4789e92b1f33358680864bbe8704289e7bb5fc207d80623c308935bd696d49"
url = "https://dl.google.com/go/go1.26.5.linux-arm64.tar.gz"

[tools.go."platforms.linux-x64"]
checksum = "sha256:5c2c3b16caefa1d968a94c1daca04a7ca301a496d9b086e17ad77bb81393f053"
url = "https://dl.google.com/go/go1.26.5.linux-amd64.tar.gz"

[tools.go."platforms.macos-arm64"]
checksum = "sha256:efb87ff28af9a188d0536ef5d42e63dd52ba8263cd7344a993cc48dd11dedb6a"
url = "https://dl.google.com/go/go1.26.5.darwin-arm64.tar.gz"

[tools.go."platforms.macos-x64"]
checksum = "sha256:6231d8d3b8f5552ec6cbf6d685bdd5482e1e703214b120e89b3bf0d7bf1ef725"
url = "https://dl.google.com/go/go1.26.5.darwin-amd64.tar.gz"

[tools.go."platforms.windows-arm64"]
checksum = "sha256:f96ee46396d69f1e231c8d981ec6a70216238a646a1f2cd74aea0d0016bbc017"
url = "https://dl.google.com/go/go1.26.5.windows-arm64.zip"

[tools.go."platforms.windows-x64"]
checksum = "sha256:97e6b2a833b6d89f9ff17d25419ac0a7e3b482a044e9ab18cdef834bd834fd38"
url = "https://dl.google.com/go/go1.26.5.windows-amd64.zip"
