# @generated - this file is auto-generated by `mise lock` https://mise.jdx.dev/dev-tools/mise-lock.html

lockfile_version = 1

[[tools.cue]]
version = "0.17.1"
backend = "aqua:cue-lang/cue"
specifiers = ["0.17.1"]

[tools.cue."platforms.linux-arm64"]
checksum = "sha256:0d729be30d52c952ca38fc9dcb692caa09d8463fa0b64df5781312779183fbcd"
url = "https://github.com/cue-lang/cue/releases/download/v0.17.1/cue_v0.17.1_linux_arm64.tar.gz"
url_api = "https://api.github.com/repos/cue-lang/cue/releases/assets/479014345"

[tools.cue."platforms.linux-x64"]
checksum = "sha256:a39b0c97695069d95d276d99be0f5dbabb081d801bfdc9ba49b76efaf94e2369"
url = "https://github.com/cue-lang/cue/releases/download/v0.17.1/cue_v0.17.1_linux_amd64.tar.gz"
url_api = "https://api.github.com/repos/cue-lang/cue/releases/assets/479014346"

[tools.cue."platforms.macos-arm64"]
checksum = "sha256:64921403f012a97f89494c03605db2fbf7d9daa77dc2631819ac4406cb2e8074"
url = "https://github.com/cue-lang/cue/releases/download/v0.17.1/cue_v0.17.1_darwin_arm64.tar.gz"
url_api = "https://api.github.com/repos/cue-lang/cue/releases/assets/479014347"

[tools.cue."platforms.macos-x64"]
checksum = "sha256:80aa026c3f47400c7bfc228b3422fd56b7c6c5ea4d70686f8d8f01ced716d3de"
url = "https://github.com/cue-lang/cue/releases/download/v0.17.1/cue_v0.17.1_darwin_amd64.tar.gz"
url_api = "https://api.github.com/repos/cue-lang/cue/releases/assets/479014348"

[tools.cue."platforms.windows-arm64"]
checksum = "sha256:db88b2c302be1829e653e20ea87e3f1adc10ae2052d58fe87d21d0ed97102e51"
url = "https://github.com/cue-lang/cue/releases/download/v0.17.1/cue_v0.17.1_windows_arm64.zip"
url_api = "https://api.github.com/repos/cue-lang/cue/releases/assets/479014343"

[tools.cue."platforms.windows-x64"]
checksum = "sha256:9f15378dc52b9a1bb6fa1755adc0410c9f17f330a621b784a5b31fdbc91c6d7a"
url = "https://github.com/cue-lang/cue/releases/download/v0.17.1/cue_v0.17.1_windows_amd64.zip"
url_api = "https://api.github.com/repos/cue-lang/cue/releases/assets/479014351"

[[tools."github:anchore/syft"]]
version = "1.51.1"
backend = "github:anchore/syft"
specifiers = ["1.51.1"]

[tools."github:anchore/syft"."platforms.linux-arm64"]
checksum = "sha256:a7fd2b784e6664acd44719270574f6cd8c6864fc2b1700bf9099bd1cccda7d7f"
url = "https://github.com/anchore/syft/releases/download/v1.51.1/syft_1.51.1_linux_arm64.tar.gz"
url_api = "https://api.github.com/repos/anchore/syft/releases/assets/532610134"
provenance = "github-attestations"

[tools."github:anchore/syft"."platforms.linux-x64"]
checksum = "sha256:8fcb33017a0dc1058298c923c436d19dfa68ae93968e0b423248542e3afb9fc3"
url = "https://github.com/anchore/syft/releases/download/v1.51.1/syft_1.51.1_linux_amd64.tar.gz"
url_api = "https://api.github.com/repos/anchore/syft/releases/assets/532610151"
provenance = "github-attestations"
provenance_verified = true

[tools."github:anchore/syft"."platforms.macos-arm64"]
checksum = "sha256:ac063af3b9874769deb7ea1e6d76841e68f9e3bb50cd654226fc977de65532c1"
url = "https://github.com/anchore/syft/releases/download/v1.51.1/syft_1.51.1_darwin_arm64.tar.gz"
url_api = "https://api.github.com/repos/anchore/syft/releases/assets/532610139"
provenance = "github-attestations"
provenance_verified = true

[tools."github:anchore/syft"."platforms.macos-x64"]
checksum = "sha256:0e186ce1d4351ec276126851ca3ff258ed070e93e73574ed64858d4fc2339867"
url = "https://github.com/anchore/syft/releases/download/v1.51.1/syft_1.51.1_darwin_amd64.tar.gz"
url_api = "https://api.github.com/repos/anchore/syft/releases/assets/532610142"
provenance = "github-attestations"

[tools."github:anchore/syft"."platforms.windows-arm64"]
checksum = "sha256:fa735ee4c25b90b93d6795a15b90d6a0bae78eb5ad7d3d4591b3c10faa3463ad"
url = "https://github.com/anchore/syft/releases/download/v1.51.1/syft_1.51.1_windows_arm64.zip"
url_api = "https://api.github.com/repos/anchore/syft/releases/assets/532610143"
provenance = "github-attestations"

[tools."github:anchore/syft"."platforms.windows-x64"]
checksum = "sha256:5e4bc3e6b6344b4625de0f7aa5351aaa72856d11d78462972de0a101ee2c1c8f"
url = "https://github.com/anchore/syft/releases/download/v1.51.1/syft_1.51.1_windows_amd64.zip"
url_api = "https://api.github.com/repos/anchore/syft/releases/assets/532610136"
provenance = "github-attestations"
provenance_verified = true

[[tools."github:boyter/scc"]]
version = "4.1.0"
backend = "github:boyter/scc"
specifiers = ["4.1.0"]

[tools."github:boyter/scc"."platforms.linux-arm64"]
checksum = "sha256:6e0d2a1f8d3540ba7df185477dec40bb7340f1b214bfd303147de5cad2bd7b8b"
url = "https://github.com/boyter/scc/releases/download/v4.1.0/scc_Linux_arm64.tar.gz"
url_api = "https://api.github.com/repos/boyter/scc/releases/assets/549478881"

[tools."github:boyter/scc"."platforms.linux-x64"]
checksum = "sha256:c7328436d3027f4357d3d7853f7dc3ac2bbcb4ca08f1adad91a27c593884079b"
url = "https://github.com/boyter/scc/releases/download/v4.1.0/scc_Linux_x86_64.tar.gz"
url_api = "https://api.github.com/repos/boyter/scc/releases/assets/549478876"

[tools."github:boyter/scc"."platforms.macos-arm64"]
checksum = "sha256:7201c7aa4aace058d43308462cba72adb18f6094c08c0741727455976d0a0747"
url = "https://github.com/boyter/scc/releases/download/v4.1.0/scc_Darwin_arm64.tar.gz"
url_api = "https://api.github.com/repos/boyter/scc/releases/assets/549478883"

[tools."github:boyter/scc"."platforms.macos-x64"]
checksum = "sha256:7f705031228add7e55edded409179a60de6b538d41f153ba2922dee95adda50d"
url = "https://github.com/boyter/scc/releases/download/v4.1.0/scc_Darwin_x86_64.tar.gz"
url_api = "https://api.github.com/repos/boyter/scc/releases/assets/549478879"

[tools."github:boyter/scc"."platforms.windows-arm64"]
checksum = "sha256:fdc1188bec07ab46fd391686c404abcd0bed92fffb5f1bb03aa9050dd7bc7f15"
url = "https://github.com/boyter/scc/releases/download/v4.1.0/scc_Windows_arm64.zip"
url_api = "https://api.github.com/repos/boyter/scc/releases/assets/549478878"

[tools."github:boyter/scc"."platforms.windows-x64"]
checksum = "sha256:4a433984f45ff29c94eeb3af6db5b511c58f5bf74063dccedafcbf473cb8ff31"
url = "https://github.com/boyter/scc/releases/download/v4.1.0/scc_Windows_x86_64.zip"
url_api = "https://api.github.com/repos/boyter/scc/releases/assets/549478880"

[[tools."github:editorconfig-checker/editorconfig-checker"]]
version = "4.0.1"
backend = "github:editorconfig-checker/editorconfig-checker"
specifiers = ["4.0.1"]

[tools."github:editorconfig-checker/editorconfig-checker"."platforms.linux-arm64"]
checksum = "sha256:f162c749ade763ed4954de678ebb786c99431b9a615a964c284605e68dbbd3f9"
url = "https://github.com/editorconfig-checker/editorconfig-checker/releases/download/v4.0.1/editorconfig-checker-linux-arm64.tar.gz"
url_api = "https://api.github.com/repos/editorconfig-checker/editorconfig-checker/releases/assets/543952366"
provenance = "github-attestations"
provenance_verified = true

[tools."github:editorconfig-checker/editorconfig-checker"."platforms.linux-x64"]
checksum = "sha256:90139c6ed52373c0acfc9deb2a07aa812e5184753afd4bc8252bf44eb4909155"
url = "https://github.com/editorconfig-checker/editorconfig-checker/releases/download/v4.0.1/editorconfig-checker-linux-amd64.tar.gz"
url_api = "https://api.github.com/repos/editorconfig-checker/editorconfig-checker/releases/assets/543952355"
provenance = "github-attestations"
provenance_verified = true

[tools."github:editorconfig-checker/editorconfig-checker"."platforms.macos-arm64"]
checksum = "sha256:9ed547505176d7384e1fb861ecfdd13df8c15e37d4bbcc2bd40e52e81ab32176"
url = "https://github.com/editorconfig-checker/editorconfig-checker/releases/download/v4.0.1/editorconfig-checker-darwin-all.tar.gz"
url_api = "https://api.github.com/repos/editorconfig-checker/editorconfig-checker/releases/assets/543952367"
provenance = "github-attestations"
provenance_verified = true

[tools."github:editorconfig-checker/editorconfig-checker"."platforms.macos-x64"]
checksum = "sha256:9ed547505176d7384e1fb861ecfdd13df8c15e37d4bbcc2bd40e52e81ab32176"
url = "https://github.com/editorconfig-checker/editorconfig-checker/releases/download/v4.0.1/editorconfig-checker-darwin-all.tar.gz"
url_api = "https://api.github.com/repos/editorconfig-checker/editorconfig-checker/releases/assets/543952367"
provenance = "github-attestations"

[tools."github:editorconfig-checker/editorconfig-checker"."platforms.windows-arm64"]
checksum = "sha256:fe44955f6a6338e60ed753cf09161b776823c22f5c7bbd6631149e8501fd00a7"
url = "https://github.com/editorconfig-checker/editorconfig-checker/releases/download/v4.0.1/editorconfig-checker-windows-arm64.zip"
url_api = "https://api.github.com/repos/editorconfig-checker/editorconfig-checker/releases/assets/543952339"
provenance = "github-attestations"

[tools."github:editorconfig-checker/editorconfig-checker"."platforms.windows-x64"]
checksum = "sha256:a5f1eb57b62a3499b920f6ddb1561c7f8b0276289ff0c4fefc03a5225d721c11"
url = "https://github.com/editorconfig-checker/editorconfig-checker/releases/download/v4.0.1/editorconfig-checker-windows-amd64.zip"
url_api = "https://api.github.com/repos/editorconfig-checker/editorconfig-checker/releases/assets/543952342"
provenance = "github-attestations"
provenance_verified = true

[[tools."github:gitleaks/gitleaks"]]
version = "8.30.1"
backend = "github:gitleaks/gitleaks"
specifiers = ["8.30.1"]

[tools."github:gitleaks/gitleaks"."platforms.linux-arm64"]
checksum = "sha256:e4a487ee7ccd7d3a7f7ec08657610aa3606637dab924210b3aee62570fb4b080"
url = "https://github.com/gitleaks/gitleaks/releases/download/v8.30.1/gitleaks_8.30.1_linux_arm64.tar.gz"
url_api = "https://api.github.com/repos/gitleaks/gitleaks/releases/assets/378332057"

[tools."github:gitleaks/gitleaks"."platforms.linux-x64"]
checksum = "sha256:551f6fc83ea457d62a0d98237cbad105af8d557003051f41f3e7ca7b3f2470eb"
url = "https://github.com/gitleaks/gitleaks/releases/download/v8.30.1/gitleaks_8.30.1_linux_x64.tar.gz"
url_api = "https://api.github.com/repos/gitleaks/gitleaks/releases/assets/378332058"

[tools."github:gitleaks/gitleaks"."platforms.macos-arm64"]
checksum = "sha256:b40ab0ae55c505963e365f271a8d3846efbc170aa17f2607f13df610a9aeb6a5"
url = "https://github.com/gitleaks/gitleaks/releases/download/v8.30.1/gitleaks_8.30.1_darwin_arm64.tar.gz"
url_api = "https://api.github.com/repos/gitleaks/gitleaks/releases/assets/378332059"

[tools."github:gitleaks/gitleaks"."platforms.macos-x64"]
checksum = "sha256:dfe101a4db2255fc85120ac7f3d25e4342c3c20cf749f2c20a18081af1952709"
url = "https://github.com/gitleaks/gitleaks/releases/download/v8.30.1/gitleaks_8.30.1_darwin_x64.tar.gz"
url_api = "https://api.github.com/repos/gitleaks/gitleaks/releases/assets/378332053"

[tools."github:gitleaks/gitleaks"."platforms.windows-arm64"]
checksum = "sha256:b95f5e4f5c425cedca7ee203d9afd29597e692c4924a12ed42f970537c72cc0f"
url = "https://github.com/gitleaks/gitleaks/releases/download/v8.30.1/gitleaks_8.30.1_windows_arm64.zip"
url_api = "https://api.github.com/repos/gitleaks/gitleaks/releases/assets/378332062"

[tools."github:gitleaks/gitleaks"."platforms.windows-x64"]
checksum = "sha256:d29144deff3a68aa93ced33dddf84b7fdc26070add4aa0f4513094c8332afc4e"
url = "https://github.com/gitleaks/gitleaks/releases/download/v8.30.1/gitleaks_8.30.1_windows_x64.zip"
url_api = "https://api.github.com/repos/gitleaks/gitleaks/releases/assets/378333178"

[[tools."github:golangci/golangci-lint"]]
version = "2.13.2"
backend = "github:golangci/golangci-lint"
specifiers = ["2.13.2"]

[tools."github:golangci/golangci-lint"."platforms.linux-arm64"]
checksum = "sha256:a2a4e0065aa41be71f7c5ac90f271b61751331e5d04314e62afe4027855f0893"
url = "https://github.com/golangci/golangci-lint/releases/download/v2.13.2/golangci-lint-2.13.2-linux-arm64.tar.gz"
url_api = "https://api.github.com/repos/golangci/golangci-lint/releases/assets/532995442"
provenance = "github-attestations"
provenance_verified = true

[tools."github:golangci/golangci-lint"."platforms.linux-x64"]
checksum = "sha256:2277d43b98ec0054280f2ac26b53268bae97682444678a59a657dd565da021d6"
url = "https://github.com/golangci/golangci-lint/releases/download/v2.13.2/golangci-lint-2.13.2-linux-amd64.tar.gz"
url_api = "https://api.github.com/repos/golangci/golangci-lint/releases/assets/532995333"
provenance = "github-attestations"
provenance_verified = true

[tools."github:golangci/golangci-lint"."platforms.macos-arm64"]
checksum = "sha256:f4bf83f0b64f055c42b28fc9a38861839f69c096e61c788e72dfaae412011789"
url = "https://github.com/golangci/golangci-lint/releases/download/v2.13.2/golangci-lint-2.13.2-darwin-arm64.tar.gz"
url_api = "https://api.github.com/repos/golangci/golangci-lint/releases/assets/532995398"
provenance = "github-attestations"
provenance_verified = true

[tools."github:golangci/golangci-lint"."platforms.macos-x64"]
checksum = "sha256:8a13aaf9cbbb1dee52824e862cf0d0720e5bb97c1f4260d1e51623a09492b57b"
url = "https://github.com/golangci/golangci-lint/releases/download/v2.13.2/golangci-lint-2.13.2-darwin-amd64.tar.gz"
url_api = "https://api.github.com/repos/golangci/golangci-lint/releases/assets/532995222"
provenance = "github-attestations"

[tools."github:golangci/golangci-lint"."platforms.windows-arm64"]
checksum = "sha256:2dbffbd1225d41ac5740f0b478a43b6517f3e3f702fe0ab3aec470bd6ec8e263"
url = "https://github.com/golangci/golangci-lint/releases/download/v2.13.2/golangci-lint-2.13.2-windows-arm64.zip"
url_api = "https://api.github.com/repos/golangci/golangci-lint/releases/assets/532995219"
provenance = "github-attestations"

[tools."github:golangci/golangci-lint"."platforms.windows-x64"]
checksum = "sha256:4735fdc8e84a0cfb7a15a1c364a650942f88215e0d36c674ebc4024f7b554524"
url = "https://github.com/golangci/golangci-lint/releases/download/v2.13.2/golangci-lint-2.13.2-windows-amd64.zip"
url_api = "https://api.github.com/repos/golangci/golangci-lint/releases/assets/532995335"
provenance = "github-attestations"
provenance_verified = true

[[tools."github:goreleaser/goreleaser"]]
version = "2.18.1"
backend = "github:goreleaser/goreleaser"
specifiers = ["2.18.1"]

[tools."github:goreleaser/goreleaser"."platforms.linux-arm64"]
checksum = "sha256:93dba7614308e167158bd26978e8275971fd4b9147e7f3c687a64f5939d42d27"
url = "https://github.com/goreleaser/goreleaser/releases/download/v2.18.1/goreleaser_Linux_arm64.tar.gz"
url_api = "https://api.github.com/repos/goreleaser/goreleaser/releases/assets/546377096"
provenance = "github-attestations"
provenance_verified = true

[tools."github:goreleaser/goreleaser"."platforms.linux-x64"]
checksum = "sha256:0c6122af0ad8fd65638889bf7d3757148b2f80eeff9f079682f0655df66ec8e8"
url = "https://github.com/goreleaser/goreleaser/releases/download/v2.18.1/goreleaser_Linux_x86_64.tar.gz"
url_api = "https://api.github.com/repos/goreleaser/goreleaser/releases/assets/546377081"
provenance = "github-attestations"
provenance_verified = true

[tools."github:goreleaser/goreleaser"."platforms.macos-arm64"]
checksum = "sha256:8e912c5cc78896d791b7530e672d4a4ef9c00ebff7375de410fae1b459825ea3"
url = "https://github.com/goreleaser/goreleaser/releases/download/v2.18.1/goreleaser_Darwin_arm64.tar.gz"
url_api = "https://api.github.com/repos/goreleaser/goreleaser/releases/assets/546377142"
provenance = "github-attestations"
provenance_verified = true

[tools."github:goreleaser/goreleaser"."platforms.macos-x64"]
checksum = "sha256:623e9ba517ace49c3d6b57bcfe8f5fe33ca45313ee93261c1854464cca94d861"
url = "https://github.com/goreleaser/goreleaser/releases/download/v2.18.1/goreleaser_Darwin_x86_64.tar.gz"
url_api = "https://api.github.com/repos/goreleaser/goreleaser/releases/assets/546377100"
provenance = "github-attestations"

[tools."github:goreleaser/goreleaser"."platforms.windows-arm64"]
checksum = "sha256:e1d1d8fc468ec8ee182b9489fec15a5e6d5c5991f1694039d4b0089ece944c23"
url = "https://github.com/goreleaser/goreleaser/releases/download/v2.18.1/goreleaser_Windows_arm64.zip"
url_api = "https://api.github.com/repos/goreleaser/goreleaser/releases/assets/546377150"
provenance = "github-attestations"

[tools."github:goreleaser/goreleaser"."platforms.windows-x64"]
checksum = "sha256:dbb3112f619c4827311b726b3c98047bce69af1ecee99984d55d450c04c471fc"
url = "https://github.com/goreleaser/goreleaser/releases/download/v2.18.1/goreleaser_Windows_x86_64.zip"
url_api = "https://api.github.com/repos/goreleaser/goreleaser/releases/assets/546377158"
provenance = "github-attestations"
provenance_verified = true

[[tools."github:lycheeverse/lychee"]]
version = "lychee-v0.24.2"
backend = "github:lycheeverse/lychee"
specifiers = ["lychee-v0.24.2"]

[tools."github:lycheeverse/lychee"."platforms.linux-arm64"]
checksum = "sha256:91a7bd65685da41b90ccb9bc867a3d649a7818042dae04ff405e55a25bddee4c"
url = "https://github.com/lycheeverse/lychee/releases/download/lychee-v0.24.2/lychee-aarch64-unknown-linux-gnu.tar.gz"
url_api = "https://api.github.com/repos/lycheeverse/lychee/releases/assets/409959442"

[tools."github:lycheeverse/lychee"."platforms.linux-x64"]
checksum = "sha256:1f4e0ef7f6554a6ed33dd7ac144fb2e1bbed98598e7af973042fc5cd43951c9a"
url = "https://github.com/lycheeverse/lychee/releases/download/lychee-v0.24.2/lychee-x86_64-unknown-linux-gnu.tar.gz"
url_api = "https://api.github.com/repos/lycheeverse/lychee/releases/assets/409959156"

[tools."github:lycheeverse/lychee"."platforms.macos-arm64"]
checksum = "sha256:c9d3740ea2d891854d37116c9fba840f37b6e7c89d330e7db84ac333631c4977"
url = "https://github.com/lycheeverse/lychee/releases/download/lychee-v0.24.2/lychee-aarch64-apple-darwin.tar.gz"
url_api = "https://api.github.com/repos/lycheeverse/lychee/releases/assets/409957951"

[tools."github:lycheeverse/lychee"."platforms.macos-x64"]
checksum = "sha256:887503a9cff667d322b8d0892b40bf49976eb9507af8483220a3706cdad55978"
url = "https://github.com/lycheeverse/lychee/releases/download/lychee-v0.24.2/lychee-x86_64-apple-darwin.tar.gz"
url_api = "https://api.github.com/repos/lycheeverse/lychee/releases/assets/409957687"

[tools."github:lycheeverse/lychee"."platforms.windows-x64"]
checksum = "sha256:32975d1493ee1a975d6bb41e4fb56fe419cb442ded628bb772ba2e614acfacad"
url = "https://github.com/lycheeverse/lychee/releases/download/lychee-v0.24.2/lychee-x86_64-pc-windows-msvc.zip"
url_api = "https://api.github.com/repos/lycheeverse/lychee/releases/assets/409959491"

[[tools."github:rhysd/actionlint"]]
version = "1.7.12"
backend = "github:rhysd/actionlint"
specifiers = ["1.7.12"]

[tools."github:rhysd/actionlint"."platforms.linux-arm64"]
checksum = "sha256:325e971b6ba9bfa504672e29be93c24981eeb1c07576d730e9f7c8805afff0c6"
url = "https://github.com/rhysd/actionlint/releases/download/v1.7.12/actionlint_1.7.12_linux_arm64.tar.gz"
url_api = "https://api.github.com/repos/rhysd/actionlint/releases/assets/384924897"
provenance = "github-attestations"
provenance_verified = true

[tools."github:rhysd/actionlint"."platforms.linux-x64"]
checksum = "sha256:8aca8db96f1b94770f1b0d72b6dddcb1ebb8123cb3712530b08cc387b349a3d8"
url = "https://github.com/rhysd/actionlint/releases/download/v1.7.12/actionlint_1.7.12_linux_amd64.tar.gz"
url_api = "https://api.github.com/repos/rhysd/actionlint/releases/assets/384924896"
provenance = "github-attestations"
provenance_verified = true

[tools."github:rhysd/actionlint"."platforms.macos-arm64"]
checksum = "sha256:aba9ced2dee8d27fecca3dc7feb1a7f9a52caefa1eb46f3271ea66b6e0e6953f"
url = "https://github.com/rhysd/actionlint/releases/download/v1.7.12/actionlint_1.7.12_darwin_arm64.tar.gz"
url_api = "https://api.github.com/repos/rhysd/actionlint/releases/assets/384924893"
provenance = "github-attestations"
provenance_verified = true

[tools."github:rhysd/actionlint"."platforms.macos-x64"]
checksum = "sha256:5b44c3bc2255115c9b69e30efc0fecdf498fdb63c5d58e17084fd5f16324c644"
url = "https://github.com/rhysd/actionlint/releases/download/v1.7.12/actionlint_1.7.12_darwin_amd64.tar.gz"
url_api = "https://api.github.com/repos/rhysd/actionlint/releases/assets/384924880"
provenance = "github-attestations"

[tools."github:rhysd/actionlint"."platforms.windows-arm64"]
checksum = "sha256:cadcf7ea4efe3a68728893813643cebe1185e5b1d4be5b96245f65c9a4d5ea41"
url = "https://github.com/rhysd/actionlint/releases/download/v1.7.12/actionlint_1.7.12_windows_arm64.zip"
url_api = "https://api.github.com/repos/rhysd/actionlint/releases/assets/384924915"
provenance = "github-attestations"

[tools."github:rhysd/actionlint"."platforms.windows-x64"]
checksum = "sha256:6e7241b51e6817ea6a047693d8e6fed13b31819c9a0dd6c5a726e1592d22f6e9"
url = "https://github.com/rhysd/actionlint/releases/download/v1.7.12/actionlint_1.7.12_windows_amd64.zip"
url_api = "https://api.github.com/repos/rhysd/actionlint/releases/assets/384924919"
provenance = "github-attestations"
provenance_verified = true

[[tools.glab]]
version = "1.117.0"
backend = "gitlab:gitlab-org/cli"
specifiers = ["1.117.0"]

[tools.glab."platforms.linux-arm64"]
checksum = "sha256:ce533c314b69014664020567d006b5c86435f0fa16561aba18929bea26506828"
url = "https://gitlab.com/gitlab-org/cli/-/releases/v1.117.0/downloads/glab_1.117.0_linux_arm64.tar.gz"
url_api = "https://gitlab.com/api/v4/projects/gitlab-org%2Fcli/packages/generic/glab/1%2E117%2E0/glab_1%2E117%2E0_linux_arm64%2Etar%2Egz"

[tools.glab."platforms.linux-x64"]
checksum = "sha256:1edfd0fba284e93396a9fd8899b9fff10f34f90b733943b1a70e21431a1991ab"
url = "https://gitlab.com/gitlab-org/cli/-/releases/v1.117.0/downloads/glab_1.117.0_linux_amd64.tar.gz"
url_api = "https://gitlab.com/api/v4/projects/gitlab-org%2Fcli/packages/generic/glab/1%2E117%2E0/glab_1%2E117%2E0_linux_amd64%2Etar%2Egz"

[tools.glab."platforms.macos-arm64"]
checksum = "sha256:9fef4b1f302a5eebe615531d0e5e842ba79cb34df41580bdc0f399a465d8ad15"
url = "https://gitlab.com/gitlab-org/cli/-/releases/v1.117.0/downloads/glab_1.117.0_darwin_arm64.tar.gz"
url_api = "https://gitlab.com/api/v4/projects/gitlab-org%2Fcli/packages/generic/glab/1%2E117%2E0/glab_1%2E117%2E0_darwin_arm64%2Etar%2Egz"

[tools.glab."platforms.macos-x64"]
checksum = "sha256:9136d10c7f4399cb9ee206c75dbeddeb83062c7faafd80f4c5ce9afe88c63a31"
url = "https://gitlab.com/gitlab-org/cli/-/releases/v1.117.0/downloads/glab_1.117.0_darwin_amd64.tar.gz"
url_api = "https://gitlab.com/api/v4/projects/gitlab-org%2Fcli/packages/generic/glab/1%2E117%2E0/glab_1%2E117%2E0_darwin_amd64%2Etar%2Egz"

[tools.glab."platforms.windows-arm64"]
checksum = "sha256:6eaa25acc8d979867321c797e5e98c5914631960076f30e0d818de1a274afde8"
url = "https://gitlab.com/gitlab-org/cli/-/releases/v1.117.0/downloads/glab_1.117.0_windows_arm64.zip"
url_api = "https://gitlab.com/api/v4/projects/gitlab-org%2Fcli/packages/generic/glab/1%2E117%2E0/glab_1%2E117%2E0_windows_arm64%2Ezip"

[tools.glab."platforms.windows-x64"]
checksum = "sha256:3272ddb8e74f75e4d956b9fd137e7ababf23f3d74441c5ddc7a5ca45bb4eb8a0"
url = "https://gitlab.com/gitlab-org/cli/-/releases/v1.117.0/downloads/glab_1.117.0_windows_amd64.zip"
url_api = "https://gitlab.com/api/v4/projects/gitlab-org%2Fcli/packages/generic/glab/1%2E117%2E0/glab_1%2E117%2E0_windows_amd64%2Ezip"

[[tools.go]]
version = "1.27.1"
backend = "core:go"
specifiers = ["1.27.1"]

[tools.go."platforms.linux-arm64"]
checksum = "sha256:3450b45a3f9ee8568792736a5c5e70a1f2e9b36c35a8f74958c03e51d7d92bec"
url = "https://dl.google.com/go/go1.27.1.linux-arm64.tar.gz"

[tools.go."platforms.linux-x64"]
checksum = "sha256:63d339f0da5ab53635a56f2490a7984dfe12dfcff22ad749f63edaf590168445"
url = "https://dl.google.com/go/go1.27.1.linux-amd64.tar.gz"

[tools.go."platforms.macos-arm64"]
checksum = "sha256:ee215d57e0ec269c60cc9ceca68e6bda321ba9ee5afe24f4b0988703c2d87d12"
url = "https://dl.google.com/go/go1.27.1.darwin-arm64.tar.gz"

[tools.go."platforms.macos-x64"]
checksum = "sha256:8f8f52c6649542cf027bbc9b9c68d1ec042f9f34808a40413f0b8b3f66f3caa4"
url = "https://dl.google.com/go/go1.27.1.darwin-amd64.tar.gz"

[tools.go."platforms.windows-arm64"]
checksum = "sha256:13b69b87bb0e83f96bc68560a8cace7f0343b1e03469f1110ea18d17e3234069"
url = "https://dl.google.com/go/go1.27.1.windows-arm64.zip"

[tools.go."platforms.windows-x64"]
checksum = "sha256:a3911b5e0e1b1053f25ed0675f4c1c6aad1e2bfcf253df2b9be4caabd2edd95d"
url = "https://dl.google.com/go/go1.27.1.windows-amd64.zip"

[[tools."go:github.com/google/osv-scanner/v2/cmd/osv-scanner"]]
version = "2.5.1"
backend = "go:github.com/google/osv-scanner/v2/cmd/osv-scanner"
specifiers = ["2.5.1"]

[[tools.node]]
version = "26.8.2"
backend = "core:node"
specifiers = ["26.8.2"]

[tools.node."platforms.linux-arm64"]
checksum = "sha256:746cdbf21565b4ea06f77642bb0e85466de8bb722242be2c5e006f272c361c63"
url = "https://nodejs.org/dist/v26.8.2/node-v26.8.2-linux-arm64.tar.gz"

[tools.node."platforms.linux-x64"]
checksum = "sha256:badb3fe6a61b85e1352ca6564dc56b8b7bd5ecd5c474c52acc21dd0cdd586f35"
url = "https://nodejs.org/dist/v26.8.2/node-v26.8.2-linux-x64.tar.gz"

[tools.node."platforms.macos-arm64"]
checksum = "sha256:974b6d5fb2fc7c33ff2354db0902b4e91c2de01ec8acc6de48e543c97e18c9e1"
url = "https://nodejs.org/dist/v26.8.2/node-v26.8.2-darwin-arm64.tar.gz"

[tools.node."platforms.macos-x64"]
checksum = "sha256:adb8feb2d4987df3d72d2ec46f4fc4b58039c859b8c3f0e3cc2d3c6cbaf8629c"
url = "https://nodejs.org/dist/v26.8.2/node-v26.8.2-darwin-x64.tar.gz"

[tools.node."platforms.windows-arm64"]
checksum = "sha256:a4e8362e268f1fcf1735f046e0adb088b28eeb400fb1c33fe5cc94d1a3d42570"
url = "https://nodejs.org/dist/v26.8.2/node-v26.8.2-win-arm64.zip"

[tools.node."platforms.windows-x64"]
checksum = "sha256:cf02f5d0c06c794b84f277177d5cf3743d0924ca49f6641cd435dd7cb6ee9085"
url = "https://nodejs.org/dist/v26.8.2/node-v26.8.2-win-x64.zip"

[[tools.taplo]]
version = "0.10.0"
backend = "aqua:tamasfe/taplo"
specifiers = ["0.10.0"]

[tools.taplo."platforms.linux-arm64"]
checksum = "sha256:033681d01eec8376c3fd38fa3703c79316f5e14bb013d859943b60a07bccdcc3"
url = "https://github.com/tamasfe/taplo/releases/download/0.10.0/taplo-linux-aarch64.gz"
url_api = "https://api.github.com/repos/tamasfe/taplo/releases/assets/257322597"

[tools.taplo."platforms.linux-x64"]
checksum = "sha256:8fe196b894ccf9072f98d4e1013a180306e17d244830b03986ee5e8eabeb6156"
url = "https://github.com/tamasfe/taplo/releases/download/0.10.0/taplo-linux-x86_64.gz"
url_api = "https://api.github.com/repos/tamasfe/taplo/releases/assets/257322600"

[tools.taplo."platforms.macos-arm64"]
checksum = "sha256:713734314c3e71894b9e77513c5349835eefbd52908445a0d73b0c7dc469347d"
url = "https://github.com/tamasfe/taplo/releases/download/0.10.0/taplo-darwin-aarch64.gz"
url_api = "https://api.github.com/repos/tamasfe/taplo/releases/assets/257323110"

[tools.taplo."platforms.macos-x64"]
checksum = "sha256:898122cde3a0b1cd1cbc2d52d3624f23338218c91b5ddb71518236a4c2c10ef2"
url = "https://github.com/tamasfe/taplo/releases/download/0.10.0/taplo-darwin-x86_64.gz"
url_api = "https://api.github.com/repos/tamasfe/taplo/releases/assets/257323116"

[tools.taplo."platforms.windows-arm64"]
checksum = "sha256:65a50c5d3b78f6014e6bc6d64eb6dc1d4992bc236589c9bb29e5609fc3454674"
url = "https://github.com/tamasfe/taplo/releases/download/0.10.0/taplo-windows-aarch64.zip"
url_api = "https://api.github.com/repos/tamasfe/taplo/releases/assets/257322977"

[tools.taplo."platforms.windows-x64"]
checksum = "sha256:1615eed140039bd58e7089109883b1c434de5d6de8f64a993e6e8c80ca57bdf9"
url = "https://github.com/tamasfe/taplo/releases/download/0.10.0/taplo-windows-x86_64.zip"
url_api = "https://api.github.com/repos/tamasfe/taplo/releases/assets/257323062"
